
Microsoft Visual Studio Solution File, Format Version 12.00
# Visual Studio Version 17
VisualStudioVersion = 17.0.32014.148
MinimumVisualStudioVersion = 10.0.40219.1
Project("{9A19103F-16F7-4668-BE54-9A1E7A4F7556}") = "TrackingDemoApi", "warehousetrackingapi\TrackingDemoApi.csproj", "{7A89C5EF-9F5B-420E-87E7-A911D0DACE5F}"
EndProject
Project("{FAE04EC0-301F-11D3-BF4B-00C04F79EFBC}") = "Trigger", "Trigger\Trigger.csproj", "{08525D9D-1D2F-4D9F-9575-3E1D40959F5E}"
EndProject
Global
	GlobalSection(SolutionConfigurationPlatforms) = preSolution
		Debug|Any CPU = Debug|Any CPU
		Release|Any CPU = Release|Any CPU
	EndGlobalSection
	GlobalSection(ProjectConfigurationPlatforms) = postSolution
		{7A89C5EF-9F5B-420E-87E7-A911D0DACE5F}.Debug|Any CPU.ActiveCfg = Debug|Any CPU
		{7A89C5EF-9F5B-420E-87E7-A911D0DACE5F}.Debug|Any CPU.Build.0 = Debug|Any CPU
		{7A89C5EF-9F5B-420E-87E7-A911D0DACE5F}.Release|Any CPU.ActiveCfg = Release|Any CPU
		{7A89C5EF-9F5B-420E-87E7-A911D0DACE5F}.Release|Any CPU.Build.0 = Release|Any CPU
		{08525D9D-1D2F-4D9F-9575-3E1D40959F5E}.Debug|Any CPU.ActiveCfg = Debug|Any CPU
		{08525D9D-1D2F-4D9F-9575-3E1D40959F5E}.Debug|Any CPU.Build.0 = Debug|Any CPU
		{08525D9D-1D2F-4D9F-9575-3E1D40959F5E}.Release|Any CPU.ActiveCfg = Release|Any CPU
		{08525D9D-1D2F-4D9F-9575-3E1D40959F5E}.Release|Any CPU.Build.0 = Release|Any CPU
	EndGlobalSection
	GlobalSection(SolutionProperties) = preSolution
		HideSolutionNode = FALSE
	EndGlobalSection
	GlobalSection(ExtensibilityGlobals) = postSolution
		SolutionGuid = {8611396A-FCEB-46BF-8F30-F0909231E051}
	EndGlobalSection
EndGlobal
